
Microsoft Visual Studio Solution File, Format Version 12.00
# Visual Studio Version 17
VisualStudioVersion = 17.3.32922.545
MinimumVisualStudioVersion = 10.0.40219.1
Project("{FAE04EC0-301F-11D3-BF4B-00C04F79EFBC}") = "10laba", "10laba\10laba.csproj", "{2CA57BAA-70DA-4703-939C-81BC3EBD4D44}"
EndProject
Global
	GlobalSection(SolutionConfigurationPlatforms) = preSolution
		Debug|Any CPU = Debug|Any CPU
		Release|Any CPU = Release|Any CPU
	EndGlobalSection
	GlobalSection(ProjectConfigurationPlatforms) = postSolution
		{2CA57BAA-70DA-4703-939C-81BC3EBD4D44}.Debug|Any CPU.ActiveCfg = Debug|Any CPU
		{2CA57BAA-70DA-4703-939C-81BC3EBD4D44}.Debug|Any CPU.Build.0 = Debug|Any CPU
		{2CA57BAA-70DA-4703-939C-81BC3EBD4D44}.Release|Any CPU.ActiveCfg = Release|Any CPU
		{2CA57BAA-70DA-4703-939C-81BC3EBD4D44}.Release|Any CPU.Build.0 = Release|Any CPU
	EndGlobalSection
	GlobalSection(SolutionProperties) = preSolution
		HideSolutionNode = FALSE
	EndGlobalSection
	GlobalSection(ExtensibilityGlobals) = postSolution
		SolutionGuid = {ACDEE158-EDD3-4EBB-8635-AA3B2A5F5CDE}
	EndGlobalSection
EndGlobal
